
Microsoft Visual Studio Solution File, Format Version 12.00
# Visual Studio Version 17
VisualStudioVersion = 17.7.34024.191
MinimumVisualStudioVersion = 10.0.40219.1
Project("{9A19103F-16F7-4668-BE54-9A1E7A4F7556}") = "TicTacToe", "TicTacToe\TicTacToe.csproj", "{AEB737B6-EE93-4F70-98F7-212914D8D8A8}"
EndProject
Project("{9A19103F-16F7-4668-BE54-9A1E7A4F7556}") = "TicTacToe.Common", "TicTacToe.Common\TicTacToe.Common.csproj", "{BCA9ADB7-6EFA-4489-9E66-38A4E25CE22C}"
EndProject
Project("{9A19103F-16F7-4668-BE54-9A1E7A4F7556}") = "TicTacToe.Console", "TicTacToe.Console\TicTacToe.Console.csproj", "{383F6505-22A8-4334-97AF-41F85EDC89AF}"
EndProject
Global
	GlobalSection(SolutionConfigurationPlatforms) = preSolution
		Debug|Any CPU = Debug|Any CPU
		Release|Any CPU = Release|Any CPU
	EndGlobalSection
	GlobalSection(ProjectConfigurationPlatforms) = postSolution
		{AEB737B6-EE93-4F70-98F7-212914D8D8A8}.Debug|Any CPU.ActiveCfg = Debug|Any CPU
		{AEB737B6-EE93-4F70-98F7-212914D8D8A8}.Debug|Any CPU.Build.0 = Debug|Any CPU
		{AEB737B6-EE93-4F70-98F7-212914D8D8A8}.Release|Any CPU.ActiveCfg = Release|Any CPU
		{AEB737B6-EE93-4F70-98F7-212914D8D8A8}.Release|Any CPU.Build.0 = Release|Any CPU
		{BCA9ADB7-6EFA-4489-9E66-38A4E25CE22C}.Debug|Any CPU.ActiveCfg = Debug|Any CPU
		{BCA9ADB7-6EFA-4489-9E66-38A4E25CE22C}.Debug|Any CPU.Build.0 = Debug|Any CPU
		{BCA9ADB7-6EFA-4489-9E66-38A4E25CE22C}.Release|Any CPU.ActiveCfg = Release|Any CPU
		{BCA9ADB7-6EFA-4489-9E66-38A4E25CE22C}.Release|Any CPU.Build.0 = Release|Any CPU
		{383F6505-22A8-4334-97AF-41F85EDC89AF}.Debug|Any CPU.ActiveCfg = Debug|Any CPU
		{383F6505-22A8-4334-97AF-41F85EDC89AF}.Debug|Any CPU.Build.0 = Debug|Any CPU
		{383F6505-22A8-4334-97AF-41F85EDC89AF}.Release|Any CPU.ActiveCfg = Release|Any CPU
		{383F6505-22A8-4334-97AF-41F85EDC89AF}.Release|Any CPU.Build.0 = Release|Any CPU
	EndGlobalSection
	GlobalSection(SolutionProperties) = preSolution
		HideSolutionNode = FALSE
	EndGlobalSection
	GlobalSection(ExtensibilityGlobals) = postSolution
		SolutionGuid = {E912427C-9D78-4D5A-B36E-6CF09DDB4089}
	EndGlobalSection
EndGlobal
